
Microsoft Visual Studio Solution File, Format Version 12.00
# Visual Studio Version 17
VisualStudioVersion = 17.9.34902.65
MinimumVisualStudioVersion = 10.0.40219.1
Project("{FAE04EC0-301F-11D3-BF4B-00C04F79EFBC}") = "DrawingApp", "DrawingApp\DrawingApp.csproj", "{438919B3-1724-4D9F-B57E-68B27F49F170}"
EndProject
Global
	GlobalSection(SolutionConfigurationPlatforms) = preSolution
		Debug|Any CPU = Debug|Any CPU
		Release|Any CPU = Release|Any CPU
	EndGlobalSection
	GlobalSection(ProjectConfigurationPlatforms) = postSolution
		{438919B3-1724-4D9F-B57E-68B27F49F170}.Debug|Any CPU.ActiveCfg = Debug|Any CPU
		{438919B3-1724-4D9F-B57E-68B27F49F170}.Debug|Any CPU.Build.0 = Debug|Any CPU
		{438919B3-1724-4D9F-B57E-68B27F49F170}.Release|Any CPU.ActiveCfg = Release|Any CPU
		{438919B3-1724-4D9F-B57E-68B27F49F170}.Release|Any CPU.Build.0 = Release|Any CPU
	EndGlobalSection
	GlobalSection(SolutionProperties) = preSolution
		HideSolutionNode = FALSE
	EndGlobalSection
	GlobalSection(ExtensibilityGlobals) = postSolution
		SolutionGuid = {06EE77AA-5317-4B34-B890-152A622B22AD}
	EndGlobalSection
EndGlobal
